
Microsoft Visual Studio Solution File, Format Version 12.00
# Visual Studio Version 17
VisualStudioVersion = 17.0.31903.59
MinimumVisualStudioVersion = 10.0.40219.1
Project("{9A19103F-16F7-4668-BE54-9A1E7A4F7556}") = "MyApp", "src\MyApp\MyApp.csproj", "{C3E09744-32D0-4410-9B49-8D49281986CD}"
EndProject
Project("{9A19103F-16F7-4668-BE54-9A1E7A4F7556}") = "MyCdk", "src\MyCdk\MyCdk.csproj", "{2213A750-6852-418D-B867-68F84FC4B0A2}"
EndProject
Project("{2150E333-8FDC-42A3-9474-1A3956D46DE8}") = "Solution Items", "Solution Items", "{DBF2990F-97C1-40AC-A9F5-77776D86A5C8}"
	ProjectSection(SolutionItems) = preProject
		src\cdk.json = src\cdk.json
		src\Dockerfile = src\Dockerfile
		src\image-buildspec.yml = src\image-buildspec.yml
		src\lambda-buildspec.yml = src\lambda-buildspec.yml
		src\template-buildspec.yml = src\template-buildspec.yml
	EndProjectSection
EndProject
Project("{9A19103F-16F7-4668-BE54-9A1E7A4F7556}") = "MyApp.Test", "src\MyApp.Test\MyApp.Test.csproj", "{A40DF1B7-F288-4532-BA23-E644E9E58BB3}"
EndProject
Project("{9A19103F-16F7-4668-BE54-9A1E7A4F7556}") = "MyCdk.Test", "src\MyCdk.Test\MyCdk.Test.csproj", "{1A84BB3F-A848-43BC-A527-9DBF8CFF0EE9}"
EndProject
Project("{9A19103F-16F7-4668-BE54-9A1E7A4F7556}") = "MyRuleFunction", "src\MyRuleFunction\MyRuleFunction.csproj", "{EDCD29B5-F896-4595-95C0-977840BF3FD0}"
EndProject
Project("{FAE04EC0-301F-11D3-BF4B-00C04F79EFBC}") = "MyFunction.Test", "MyFunction.Test\MyFunction.Test.csproj", "{34FE62DB-D61D-48DD-A135-02B7E455CA72}"
EndProject
Global
	GlobalSection(SolutionConfigurationPlatforms) = preSolution
		Debug|Any CPU = Debug|Any CPU
		Release|Any CPU = Release|Any CPU
	EndGlobalSection
	GlobalSection(ProjectConfigurationPlatforms) = postSolution
		{C3E09744-32D0-4410-9B49-8D49281986CD}.Debug|Any CPU.ActiveCfg = Debug|Any CPU
		{C3E09744-32D0-4410-9B49-8D49281986CD}.Debug|Any CPU.Build.0 = Debug|Any CPU
		{C3E09744-32D0-4410-9B49-8D49281986CD}.Release|Any CPU.ActiveCfg = Release|Any CPU
		{C3E09744-32D0-4410-9B49-8D49281986CD}.Release|Any CPU.Build.0 = Release|Any CPU
		{2213A750-6852-418D-B867-68F84FC4B0A2}.Debug|Any CPU.ActiveCfg = Debug|Any CPU
		{2213A750-6852-418D-B867-68F84FC4B0A2}.Debug|Any CPU.Build.0 = Debug|Any CPU
		{2213A750-6852-418D-B867-68F84FC4B0A2}.Release|Any CPU.ActiveCfg = Release|Any CPU
		{2213A750-6852-418D-B867-68F84FC4B0A2}.Release|Any CPU.Build.0 = Release|Any CPU
		{A40DF1B7-F288-4532-BA23-E644E9E58BB3}.Debug|Any CPU.ActiveCfg = Debug|Any CPU
		{A40DF1B7-F288-4532-BA23-E644E9E58BB3}.Debug|Any CPU.Build.0 = Debug|Any CPU
		{A40DF1B7-F288-4532-BA23-E644E9E58BB3}.Release|Any CPU.ActiveCfg = Release|Any CPU
		{A40DF1B7-F288-4532-BA23-E644E9E58BB3}.Release|Any CPU.Build.0 = Release|Any CPU
		{1A84BB3F-A848-43BC-A527-9DBF8CFF0EE9}.Debug|Any CPU.ActiveCfg = Debug|Any CPU
		{1A84BB3F-A848-43BC-A527-9DBF8CFF0EE9}.Debug|Any CPU.Build.0 = Debug|Any CPU
		{1A84BB3F-A848-43BC-A527-9DBF8CFF0EE9}.Release|Any CPU.ActiveCfg = Release|Any CPU
		{1A84BB3F-A848-43BC-A527-9DBF8CFF0EE9}.Release|Any CPU.Build.0 = Release|Any CPU
		{EDCD29B5-F896-4595-95C0-977840BF3FD0}.Debug|Any CPU.ActiveCfg = Debug|Any CPU
		{EDCD29B5-F896-4595-95C0-977840BF3FD0}.Debug|Any CPU.Build.0 = Debug|Any CPU
		{EDCD29B5-F896-4595-95C0-977840BF3FD0}.Release|Any CPU.ActiveCfg = Release|Any CPU
		{EDCD29B5-F896-4595-95C0-977840BF3FD0}.Release|Any CPU.Build.0 = Release|Any CPU
		{34FE62DB-D61D-48DD-A135-02B7E455CA72}.Debug|Any CPU.ActiveCfg = Debug|Any CPU
		{34FE62DB-D61D-48DD-A135-02B7E455CA72}.Debug|Any CPU.Build.0 = Debug|Any CPU
		{34FE62DB-D61D-48DD-A135-02B7E455CA72}.Release|Any CPU.ActiveCfg = Release|Any CPU
		{34FE62DB-D61D-48DD-A135-02B7E455CA72}.Release|Any CPU.Build.0 = Release|Any CPU
	EndGlobalSection
	GlobalSection(SolutionProperties) = preSolution
		HideSolutionNode = FALSE
	EndGlobalSection
	GlobalSection(ExtensibilityGlobals) = postSolution
		SolutionGuid = {3AEEAF36-51F3-480C-9444-F67EEE4F7080}
	EndGlobalSection
EndGlobal
